
Microsoft Visual Studio Solution File, Format Version 12.00
# Visual Studio Version 17
VisualStudioVersion = 17.9.34607.119
MinimumVisualStudioVersion = 10.0.40219.1
Project("{9A19103F-16F7-4668-BE54-9A1E7A4F7556}") = "NullableTypeDemo", "NullableTypeDemo\NullableTypeDemo.csproj", "{10D99E8A-36FF-438F-8508-D450B978A18F}"
EndProject
Project("{9A19103F-16F7-4668-BE54-9A1E7A4F7556}") = "ObjectTypeDemo", "ObjectTypeDemo\ObjectTypeDemo.csproj", "{4605388F-73E6-4CE5-92C9-A1EFFB5844A3}"
EndProject
Project("{9A19103F-16F7-4668-BE54-9A1E7A4F7556}") = "VariableDemo", "VariableDemo\VariableDemo.csproj", "{1BFCC3D7-A35E-4ACF-AD8E-260D87CCE8B7}"
EndProject
Project("{9A19103F-16F7-4668-BE54-9A1E7A4F7556}") = "ConditionalAndLoopDemo", "ConditionalAndLoopDemo\ConditionalAndLoopDemo.csproj", "{7AD4E8ED-FDF9-4905-B52D-6B2C047B9051}"
EndProject
Project("{9A19103F-16F7-4668-BE54-9A1E7A4F7556}") = "AlgorithmicsSample", "AlgorithmicsSample\AlgorithmicsSample.csproj", "{4F67AD66-7737-4514-B37A-A6BE61688C96}"
EndProject
Project("{2150E333-8FDC-42A3-9474-1A3956D46DE8}") = "01 - Basics", "01 - Basics", "{67B25387-27D3-46FD-A936-738B061D919A}"
EndProject
Project("{2150E333-8FDC-42A3-9474-1A3956D46DE8}") = "02 - Collections", "02 - Collections", "{792D104D-7473-4987-A79C-A8EC52AA27EF}"
EndProject
Project("{9A19103F-16F7-4668-BE54-9A1E7A4F7556}") = "ArrayDemo", "ArrayDemo\ArrayDemo.csproj", "{6B18CF6B-D8EB-4B99-A193-C44FC6B47FD6}"
EndProject
Project("{9A19103F-16F7-4668-BE54-9A1E7A4F7556}") = "ValueAndReferenceTypeDemo", "ValueAndReferenceTypeDemo\ValueAndReferenceTypeDemo.csproj", "{C0BD21C2-95FF-42EF-B07C-FA39869BD7D7}"
EndProject
Project("{9A19103F-16F7-4668-BE54-9A1E7A4F7556}") = "CollectionObjectsDemo", "CollectionObjectsDemo\CollectionObjectsDemo.csproj", "{5AD0F1B8-1CC5-4434-AAB7-D68D87F7EDA2}"
EndProject
Project("{9A19103F-16F7-4668-BE54-9A1E7A4F7556}") = "GenericCollectionsDemo", "GenericCollectionsDemo\GenericCollectionsDemo.csproj", "{C6655E65-9E85-4849-950B-3A409D29F066}"
EndProject
Project("{2150E333-8FDC-42A3-9474-1A3956D46DE8}") = "03 - OOP", "03 - OOP", "{8182CC70-0E3C-4604-AC15-55A0D7F67F6F}"
EndProject
Project("{9A19103F-16F7-4668-BE54-9A1E7A4F7556}") = "ClassDemo", "ClassDemo\ClassDemo.csproj", "{8770D00D-93BF-48D9-9651-FCE8D374127D}"
EndProject
Project("{9A19103F-16F7-4668-BE54-9A1E7A4F7556}") = "MethodsDemo", "MethodsDemo\MethodsDemo.csproj", "{D2792B0E-B3D0-45E9-A301-278F3D325C0C}"
EndProject
Project("{9A19103F-16F7-4668-BE54-9A1E7A4F7556}") = "PropertyDemo", "PropertyDemo\PropertyDemo.csproj", "{B1126B05-D6FD-496F-B8BF-E5FCB0396E3F}"
EndProject
Project("{9A19103F-16F7-4668-BE54-9A1E7A4F7556}") = "IndexerDemo", "IndexerDemo\IndexerDemo.csproj", "{4A9AD277-32EE-4714-974A-47BAE5681E95}"
EndProject
Project("{9A19103F-16F7-4668-BE54-9A1E7A4F7556}") = "CtorDemo", "CtorDemo\CtorDemo.csproj", "{1DE7F734-90E3-426E-A468-E84E7D5A87C0}"
EndProject
Project("{9A19103F-16F7-4668-BE54-9A1E7A4F7556}") = "EnumDemo", "EnumDemo\EnumDemo.csproj", "{D515F834-1B34-495D-AAA0-F52ED18C00D4}"
EndProject
Project("{9A19103F-16F7-4668-BE54-9A1E7A4F7556}") = "StaticsDemo", "StaticsDemo\StaticsDemo.csproj", "{A8FD9A86-A180-4BFC-BCBF-9E9676B2E4BF}"
EndProject
Project("{9A19103F-16F7-4668-BE54-9A1E7A4F7556}") = "AnonymousTypeDemo", "AnonymousTypeDemo\AnonymousTypeDemo.csproj", "{33FF7252-5636-4D3C-ABB0-72401BDD7485}"
EndProject
Project("{2150E333-8FDC-42A3-9474-1A3956D46DE8}") = "04 - OOP Principle", "04 - OOP Principle", "{7A720F5E-C5EA-47DC-ABA6-E1F8D948F142}"
EndProject
Project("{9A19103F-16F7-4668-BE54-9A1E7A4F7556}") = "InheritanceDemo", "InheritanceDemo\InheritanceDemo.csproj", "{2B32F0D0-22B9-4DB8-B708-1E4F060EEA72}"
EndProject
Project("{9A19103F-16F7-4668-BE54-9A1E7A4F7556}") = "AccessModifiersDemo", "AccessModifiersDemo\AccessModifiersDemo.csproj", "{236D4EF3-2BFC-4F5F-B606-477D0872CCAD}"
EndProject
Project("{9A19103F-16F7-4668-BE54-9A1E7A4F7556}") = "AccessModifiersSample", "AccessModifiersSample\AccessModifiersSample.csproj", "{7884491B-5F17-47A7-B5CC-5F8BB78A33F5}"
EndProject
Project("{9A19103F-16F7-4668-BE54-9A1E7A4F7556}") = "PolymorphismDemo", "PolymorphismDemo\PolymorphismDemo.csproj", "{0EF17827-AE0E-4640-948F-B54E9EC80D14}"
EndProject
Project("{FAE04EC0-301F-11D3-BF4B-00C04F79EFBC}") = "InterfaceFrameworkDemo", "InterfaceFrameworkDemo\InterfaceFrameworkDemo.csproj", "{4F716B8A-3E88-4751-AC1E-2F3E06E45F58}"
EndProject
Project("{9A19103F-16F7-4668-BE54-9A1E7A4F7556}") = "InterfaceDemo", "InterfaceDemo\InterfaceDemo.csproj", "{DE770A69-1F4D-4FCB-BC27-C90AE637242D}"
EndProject
Project("{9A19103F-16F7-4668-BE54-9A1E7A4F7556}") = "AbstractClassDemo", "AbstractClassDemo\AbstractClassDemo.csproj", "{948215BC-FAAF-498F-A7F9-0C7ED12A4816}"
EndProject
Project("{9A19103F-16F7-4668-BE54-9A1E7A4F7556}") = "ExtensionMethodDemo", "ExtensionMethodDemo\ExtensionMethodDemo.csproj", "{FE429C64-5293-4845-9E3B-DDAEB2D3384D}"
EndProject
Project("{2150E333-8FDC-42A3-9474-1A3956D46DE8}") = "05 - Advanced", "05 - Advanced", "{201E5646-333D-4D48-B64B-24C32D2FC114}"
EndProject
Project("{9A19103F-16F7-4668-BE54-9A1E7A4F7556}") = "MsbCore", "MsbCore\MsbCore.csproj", "{61279938-6D6E-4EC6-954A-A4EE5C1E9BD1}"
EndProject
Project("{9A19103F-16F7-4668-BE54-9A1E7A4F7556}") = "GenericDemo", "GenericDemo\GenericDemo.csproj", "{E766963C-8EEF-48B4-A907-BD37972B847F}"
EndProject
Project("{9A19103F-16F7-4668-BE54-9A1E7A4F7556}") = "ExceptionHandlingDemo", "ExceptionHandlingDemo\ExceptionHandlingDemo.csproj", "{21579464-A7A6-48AF-A22F-2BECA0C11159}"
EndProject
Project("{FAE04EC0-301F-11D3-BF4B-00C04F79EFBC}") = "DelegateDemo", "DelegateDemo\DelegateDemo.csproj", "{C76BB204-C847-475B-AACE-07EE5704BADE}"
EndProject
Project("{FAE04EC0-301F-11D3-BF4B-00C04F79EFBC}") = "DelegateSample", "DelegateSample\DelegateSample.csproj", "{0756E1CD-53A1-41DE-AA61-4969D96EF1CC}"
EndProject
Project("{FAE04EC0-301F-11D3-BF4B-00C04F79EFBC}") = "DelegateSample2", "DelegateSample2\DelegateSample2.csproj", "{345C92EF-6C07-4F12-9F7F-D57388FBE872}"
EndProject
Global
	GlobalSection(SolutionConfigurationPlatforms) = preSolution
		Debug|Any CPU = Debug|Any CPU
		Release|Any CPU = Release|Any CPU
	EndGlobalSection
	GlobalSection(ProjectConfigurationPlatforms) = postSolution
		{10D99E8A-36FF-438F-8508-D450B978A18F}.Debug|Any CPU.ActiveCfg = Debug|Any CPU
		{10D99E8A-36FF-438F-8508-D450B978A18F}.Debug|Any CPU.Build.0 = Debug|Any CPU
		{10D99E8A-36FF-438F-8508-D450B978A18F}.Release|Any CPU.ActiveCfg = Release|Any CPU
		{10D99E8A-36FF-438F-8508-D450B978A18F}.Release|Any CPU.Build.0 = Release|Any CPU
		{4605388F-73E6-4CE5-92C9-A1EFFB5844A3}.Debug|Any CPU.ActiveCfg = Debug|Any CPU
		{4605388F-73E6-4CE5-92C9-A1EFFB5844A3}.Debug|Any CPU.Build.0 = Debug|Any CPU
		{4605388F-73E6-4CE5-92C9-A1EFFB5844A3}.Release|Any CPU.ActiveCfg = Release|Any CPU
		{4605388F-73E6-4CE5-92C9-A1EFFB5844A3}.Release|Any CPU.Build.0 = Release|Any CPU
		{1BFCC3D7-A35E-4ACF-AD8E-260D87CCE8B7}.Debug|Any CPU.ActiveCfg = Debug|Any CPU
		{1BFCC3D7-A35E-4ACF-AD8E-260D87CCE8B7}.Debug|Any CPU.Build.0 = Debug|Any CPU
		{1BFCC3D7-A35E-4ACF-AD8E-260D87CCE8B7}.Release|Any CPU.ActiveCfg = Release|Any CPU
		{1BFCC3D7-A35E-4ACF-AD8E-260D87CCE8B7}.Release|Any CPU.Build.0 = Release|Any CPU
		{7AD4E8ED-FDF9-4905-B52D-6B2C047B9051}.Debug|Any CPU.ActiveCfg = Debug|Any CPU
		{7AD4E8ED-FDF9-4905-B52D-6B2C047B9051}.Debug|Any CPU.Build.0 = Debug|Any CPU
		{7AD4E8ED-FDF9-4905-B52D-6B2C047B9051}.Release|Any CPU.ActiveCfg = Release|Any CPU
		{7AD4E8ED-FDF9-4905-B52D-6B2C047B9051}.Release|Any CPU.Build.0 = Release|Any CPU
		{4F67AD66-7737-4514-B37A-A6BE61688C96}.Debug|Any CPU.ActiveCfg = Debug|Any CPU
		{4F67AD66-7737-4514-B37A-A6BE61688C96}.Debug|Any CPU.Build.0 = Debug|Any CPU
		{4F67AD66-7737-4514-B37A-A6BE61688C96}.Release|Any CPU.ActiveCfg = Release|Any CPU
		{4F67AD66-7737-4514-B37A-A6BE61688C96}.Release|Any CPU.Build.0 = Release|Any CPU
		{6B18CF6B-D8EB-4B99-A193-C44FC6B47FD6}.Debug|Any CPU.ActiveCfg = Debug|Any CPU
		{6B18CF6B-D8EB-4B99-A193-C44FC6B47FD6}.Debug|Any CPU.Build.0 = Debug|Any CPU
		{6B18CF6B-D8EB-4B99-A193-C44FC6B47FD6}.Release|Any CPU.ActiveCfg = Release|Any CPU
		{6B18CF6B-D8EB-4B99-A193-C44FC6B47FD6}.Release|Any CPU.Build.0 = Release|Any CPU
		{C0BD21C2-95FF-42EF-B07C-FA39869BD7D7}.Debug|Any CPU.ActiveCfg = Debug|Any CPU
		{C0BD21C2-95FF-42EF-B07C-FA39869BD7D7}.Debug|Any CPU.Build.0 = Debug|Any CPU
		{C0BD21C2-95FF-42EF-B07C-FA39869BD7D7}.Release|Any CPU.ActiveCfg = Release|Any CPU
		{C0BD21C2-95FF-42EF-B07C-FA39869BD7D7}.Release|Any CPU.Build.0 = Release|Any CPU
		{5AD0F1B8-1CC5-4434-AAB7-D68D87F7EDA2}.Debug|Any CPU.ActiveCfg = Debug|Any CPU
		{5AD0F1B8-1CC5-4434-AAB7-D68D87F7EDA2}.Debug|Any CPU.Build.0 = Debug|Any CPU
		{5AD0F1B8-1CC5-4434-AAB7-D68D87F7EDA2}.Release|Any CPU.ActiveCfg = Release|Any CPU
		{5AD0F1B8-1CC5-4434-AAB7-D68D87F7EDA2}.Release|Any CPU.Build.0 = Release|Any CPU
		{C6655E65-9E85-4849-950B-3A409D29F066}.Debug|Any CPU.ActiveCfg = Debug|Any CPU
		{C6655E65-9E85-4849-950B-3A409D29F066}.Debug|Any CPU.Build.0 = Debug|Any CPU
		{C6655E65-9E85-4849-950B-3A409D29F066}.Release|Any CPU.ActiveCfg = Release|Any CPU
		{C6655E65-9E85-4849-950B-3A409D29F066}.Release|Any CPU.Build.0 = Release|Any CPU
		{8770D00D-93BF-48D9-9651-FCE8D374127D}.Debug|Any CPU.ActiveCfg = Debug|Any CPU
		{8770D00D-93BF-48D9-9651-FCE8D374127D}.Debug|Any CPU.Build.0 = Debug|Any CPU
		{8770D00D-93BF-48D9-9651-FCE8D374127D}.Release|Any CPU.ActiveCfg = Release|Any CPU
		{8770D00D-93BF-48D9-9651-FCE8D374127D}.Release|Any CPU.Build.0 = Release|Any CPU
		{D2792B0E-B3D0-45E9-A301-278F3D325C0C}.Debug|Any CPU.ActiveCfg = Debug|Any CPU
		{D2792B0E-B3D0-45E9-A301-278F3D325C0C}.Debug|Any CPU.Build.0 = Debug|Any CPU
		{D2792B0E-B3D0-45E9-A301-278F3D325C0C}.Release|Any CPU.ActiveCfg = Release|Any CPU
		{D2792B0E-B3D0-45E9-A301-278F3D325C0C}.Release|Any CPU.Build.0 = Release|Any CPU
		{B1126B05-D6FD-496F-B8BF-E5FCB0396E3F}.Debug|Any CPU.ActiveCfg = Debug|Any CPU
		{B1126B05-D6FD-496F-B8BF-E5FCB0396E3F}.Debug|Any CPU.Build.0 = Debug|Any CPU
		{B1126B05-D6FD-496F-B8BF-E5FCB0396E3F}.Release|Any CPU.ActiveCfg = Release|Any CPU
		{B1126B05-D6FD-496F-B8BF-E5FCB0396E3F}.Release|Any CPU.Build.0 = Release|Any CPU
		{4A9AD277-32EE-4714-974A-47BAE5681E95}.Debug|Any CPU.ActiveCfg = Debug|Any CPU
		{4A9AD277-32EE-4714-974A-47BAE5681E95}.Debug|Any CPU.Build.0 = Debug|Any CPU
		{4A9AD277-32EE-4714-974A-47BAE5681E95}.Release|Any CPU.ActiveCfg = Release|Any CPU
		{4A9AD277-32EE-4714-974A-47BAE5681E95}.Release|Any CPU.Build.0 = Release|Any CPU
		{1DE7F734-90E3-426E-A468-E84E7D5A87C0}.Debug|Any CPU.ActiveCfg = Debug|Any CPU
		{1DE7F734-90E3-426E-A468-E84E7D5A87C0}.Debug|Any CPU.Build.0 = Debug|Any CPU
		{1DE7F734-90E3-426E-A468-E84E7D5A87C0}.Release|Any CPU.ActiveCfg = Release|Any CPU
		{1DE7F734-90E3-426E-A468-E84E7D5A87C0}.Release|Any CPU.Build.0 = Release|Any CPU
		{D515F834-1B34-495D-AAA0-F52ED18C00D4}.Debug|Any CPU.ActiveCfg = Debug|Any CPU
		{D515F834-1B34-495D-AAA0-F52ED18C00D4}.Debug|Any CPU.Build.0 = Debug|Any CPU
		{D515F834-1B34-495D-AAA0-F52ED18C00D4}.Release|Any CPU.ActiveCfg = Release|Any CPU
		{D515F834-1B34-495D-AAA0-F52ED18C00D4}.Release|Any CPU.Build.0 = Release|Any CPU
		{A8FD9A86-A180-4BFC-BCBF-9E9676B2E4BF}.Debug|Any CPU.ActiveCfg = Debug|Any CPU
		{A8FD9A86-A180-4BFC-BCBF-9E9676B2E4BF}.Debug|Any CPU.Build.0 = Debug|Any CPU
		{A8FD9A86-A180-4BFC-BCBF-9E9676B2E4BF}.Release|Any CPU.ActiveCfg = Release|Any CPU
		{A8FD9A86-A180-4BFC-BCBF-9E9676B2E4BF}.Release|Any CPU.Build.0 = Release|Any CPU
		{33FF7252-5636-4D3C-ABB0-72401BDD7485}.Debug|Any CPU.ActiveCfg = Debug|Any CPU
		{33FF7252-5636-4D3C-ABB0-72401BDD7485}.Debug|Any CPU.Build.0 = Debug|Any CPU
		{33FF7252-5636-4D3C-ABB0-72401BDD7485}.Release|Any CPU.ActiveCfg = Release|Any CPU
		{33FF7252-5636-4D3C-ABB0-72401BDD7485}.Release|Any CPU.Build.0 = Release|Any CPU
		{2B32F0D0-22B9-4DB8-B708-1E4F060EEA72}.Debug|Any CPU.ActiveCfg = Debug|Any CPU
		{2B32F0D0-22B9-4DB8-B708-1E4F060EEA72}.Debug|Any CPU.Build.0 = Debug|Any CPU
		{2B32F0D0-22B9-4DB8-B708-1E4F060EEA72}.Release|Any CPU.ActiveCfg = Release|Any CPU
		{2B32F0D0-22B9-4DB8-B708-1E4F060EEA72}.Release|Any CPU.Build.0 = Release|Any CPU
		{236D4EF3-2BFC-4F5F-B606-477D0872CCAD}.Debug|Any CPU.ActiveCfg = Debug|Any CPU
		{236D4EF3-2BFC-4F5F-B606-477D0872CCAD}.Debug|Any CPU.Build.0 = Debug|Any CPU
		{236D4EF3-2BFC-4F5F-B606-477D0872CCAD}.Release|Any CPU.ActiveCfg = Release|Any CPU
		{236D4EF3-2BFC-4F5F-B606-477D0872CCAD}.Release|Any CPU.Build.0 = Release|Any CPU
		{7884491B-5F17-47A7-B5CC-5F8BB78A33F5}.Debug|Any CPU.ActiveCfg = Debug|Any CPU
		{7884491B-5F17-47A7-B5CC-5F8BB78A33F5}.Debug|Any CPU.Build.0 = Debug|Any CPU
		{7884491B-5F17-47A7-B5CC-5F8BB78A33F5}.Release|Any CPU.ActiveCfg = Release|Any CPU
		{7884491B-5F17-47A7-B5CC-5F8BB78A33F5}.Release|Any CPU.Build.0 = Release|Any CPU
		{0EF17827-AE0E-4640-948F-B54E9EC80D14}.Debug|Any CPU.ActiveCfg = Debug|Any CPU
		{0EF17827-AE0E-4640-948F-B54E9EC80D14}.Debug|Any CPU.Build.0 = Debug|Any CPU
		{0EF17827-AE0E-4640-948F-B54E9EC80D14}.Release|Any CPU.ActiveCfg = Release|Any CPU
		{0EF17827-AE0E-4640-948F-B54E9EC80D14}.Release|Any CPU.Build.0 = Release|Any CPU
		{4F716B8A-3E88-4751-AC1E-2F3E06E45F58}.Debug|Any CPU.ActiveCfg = Debug|Any CPU
		{4F716B8A-3E88-4751-AC1E-2F3E06E45F58}.Debug|Any CPU.Build.0 = Debug|Any CPU
		{4F716B8A-3E88-4751-AC1E-2F3E06E45F58}.Release|Any CPU.ActiveCfg = Release|Any CPU
		{4F716B8A-3E88-4751-AC1E-2F3E06E45F58}.Release|Any CPU.Build.0 = Release|Any CPU
		{DE770A69-1F4D-4FCB-BC27-C90AE637242D}.Debug|Any CPU.ActiveCfg = Debug|Any CPU
		{DE770A69-1F4D-4FCB-BC27-C90AE637242D}.Debug|Any CPU.Build.0 = Debug|Any CPU
		{DE770A69-1F4D-4FCB-BC27-C90AE637242D}.Release|Any CPU.ActiveCfg = Release|Any CPU
		{DE770A69-1F4D-4FCB-BC27-C90AE637242D}.Release|Any CPU.Build.0 = Release|Any CPU
		{948215BC-FAAF-498F-A7F9-0C7ED12A4816}.Debug|Any CPU.ActiveCfg = Debug|Any CPU
		{948215BC-FAAF-498F-A7F9-0C7ED12A4816}.Debug|Any CPU.Build.0 = Debug|Any CPU
		{948215BC-FAAF-498F-A7F9-0C7ED12A4816}.Release|Any CPU.ActiveCfg = Release|Any CPU
		{948215BC-FAAF-498F-A7F9-0C7ED12A4816}.Release|Any CPU.Build.0 = Release|Any CPU
		{FE429C64-5293-4845-9E3B-DDAEB2D3384D}.Debug|Any CPU.ActiveCfg = Debug|Any CPU
		{FE429C64-5293-4845-9E3B-DDAEB2D3384D}.Debug|Any CPU.Build.0 = Debug|Any CPU
		{FE429C64-5293-4845-9E3B-DDAEB2D3384D}.Release|Any CPU.ActiveCfg = Release|Any CPU
		{FE429C64-5293-4845-9E3B-DDAEB2D3384D}.Release|Any CPU.Build.0 = Release|Any CPU
		{61279938-6D6E-4EC6-954A-A4EE5C1E9BD1}.Debug|Any CPU.ActiveCfg = Debug|Any CPU
		{61279938-6D6E-4EC6-954A-A4EE5C1E9BD1}.Debug|Any CPU.Build.0 = Debug|Any CPU
		{61279938-6D6E-4EC6-954A-A4EE5C1E9BD1}.Release|Any CPU.ActiveCfg = Release|Any CPU
		{61279938-6D6E-4EC6-954A-A4EE5C1E9BD1}.Release|Any CPU.Build.0 = Release|Any CPU
		{E766963C-8EEF-48B4-A907-BD37972B847F}.Debug|Any CPU.ActiveCfg = Debug|Any CPU
		{E766963C-8EEF-48B4-A907-BD37972B847F}.Debug|Any CPU.Build.0 = Debug|Any CPU
		{E766963C-8EEF-48B4-A907-BD37972B847F}.Release|Any CPU.ActiveCfg = Release|Any CPU
		{E766963C-8EEF-48B4-A907-BD37972B847F}.Release|Any CPU.Build.0 = Release|Any CPU
		{21579464-A7A6-48AF-A22F-2BECA0C11159}.Debug|Any CPU.ActiveCfg = Debug|Any CPU
		{21579464-A7A6-48AF-A22F-2BECA0C11159}.Debug|Any CPU.Build.0 = Debug|Any CPU
		{21579464-A7A6-48AF-A22F-2BECA0C11159}.Release|Any CPU.ActiveCfg = Release|Any CPU
		{21579464-A7A6-48AF-A22F-2BECA0C11159}.Release|Any CPU.Build.0 = Release|Any CPU
		{C76BB204-C847-475B-AACE-07EE5704BADE}.Debug|Any CPU.ActiveCfg = Debug|Any CPU
		{C76BB204-C847-475B-AACE-07EE5704BADE}.Debug|Any CPU.Build.0 = Debug|Any CPU
		{C76BB204-C847-475B-AACE-07EE5704BADE}.Release|Any CPU.ActiveCfg = Release|Any CPU
		{C76BB204-C847-475B-AACE-07EE5704BADE}.Release|Any CPU.Build.0 = Release|Any CPU
		{0756E1CD-53A1-41DE-AA61-4969D96EF1CC}.Debug|Any CPU.ActiveCfg = Debug|Any CPU
		{0756E1CD-53A1-41DE-AA61-4969D96EF1CC}.Debug|Any CPU.Build.0 = Debug|Any CPU
		{0756E1CD-53A1-41DE-AA61-4969D96EF1CC}.Release|Any CPU.ActiveCfg = Release|Any CPU
		{0756E1CD-53A1-41DE-AA61-4969D96EF1CC}.Release|Any CPU.Build.0 = Release|Any CPU
		{345C92EF-6C07-4F12-9F7F-D57388FBE872}.Debug|Any CPU.ActiveCfg = Debug|Any CPU
		{345C92EF-6C07-4F12-9F7F-D57388FBE872}.Debug|Any CPU.Build.0 = Debug|Any CPU
		{345C92EF-6C07-4F12-9F7F-D57388FBE872}.Release|Any CPU.ActiveCfg = Release|Any CPU
		{345C92EF-6C07-4F12-9F7F-D57388FBE872}.Release|Any CPU.Build.0 = Release|Any CPU
	EndGlobalSection
	GlobalSection(SolutionProperties) = preSolution
		HideSolutionNode = FALSE
	EndGlobalSection
	GlobalSection(NestedProjects) = preSolution
		{10D99E8A-36FF-438F-8508-D450B978A18F} = {67B25387-27D3-46FD-A936-738B061D919A}
		{4605388F-73E6-4CE5-92C9-A1EFFB5844A3} = {67B25387-27D3-46FD-A936-738B061D919A}
		{1BFCC3D7-A35E-4ACF-AD8E-260D87CCE8B7} = {67B25387-27D3-46FD-A936-738B061D919A}
		{7AD4E8ED-FDF9-4905-B52D-6B2C047B9051} = {67B25387-27D3-46FD-A936-738B061D919A}
		{4F67AD66-7737-4514-B37A-A6BE61688C96} = {67B25387-27D3-46FD-A936-738B061D919A}
		{6B18CF6B-D8EB-4B99-A193-C44FC6B47FD6} = {792D104D-7473-4987-A79C-A8EC52AA27EF}
		{C0BD21C2-95FF-42EF-B07C-FA39869BD7D7} = {67B25387-27D3-46FD-A936-738B061D919A}
		{5AD0F1B8-1CC5-4434-AAB7-D68D87F7EDA2} = {792D104D-7473-4987-A79C-A8EC52AA27EF}
		{C6655E65-9E85-4849-950B-3A409D29F066} = {792D104D-7473-4987-A79C-A8EC52AA27EF}
		{8770D00D-93BF-48D9-9651-FCE8D374127D} = {8182CC70-0E3C-4604-AC15-55A0D7F67F6F}
		{D2792B0E-B3D0-45E9-A301-278F3D325C0C} = {8182CC70-0E3C-4604-AC15-55A0D7F67F6F}
		{B1126B05-D6FD-496F-B8BF-E5FCB0396E3F} = {8182CC70-0E3C-4604-AC15-55A0D7F67F6F}
		{4A9AD277-32EE-4714-974A-47BAE5681E95} = {8182CC70-0E3C-4604-AC15-55A0D7F67F6F}
		{1DE7F734-90E3-426E-A468-E84E7D5A87C0} = {8182CC70-0E3C-4604-AC15-55A0D7F67F6F}
		{D515F834-1B34-495D-AAA0-F52ED18C00D4} = {8182CC70-0E3C-4604-AC15-55A0D7F67F6F}
		{A8FD9A86-A180-4BFC-BCBF-9E9676B2E4BF} = {8182CC70-0E3C-4604-AC15-55A0D7F67F6F}
		{33FF7252-5636-4D3C-ABB0-72401BDD7485} = {8182CC70-0E3C-4604-AC15-55A0D7F67F6F}
		{2B32F0D0-22B9-4DB8-B708-1E4F060EEA72} = {7A720F5E-C5EA-47DC-ABA6-E1F8D948F142}
		{236D4EF3-2BFC-4F5F-B606-477D0872CCAD} = {7A720F5E-C5EA-47DC-ABA6-E1F8D948F142}
		{7884491B-5F17-47A7-B5CC-5F8BB78A33F5} = {7A720F5E-C5EA-47DC-ABA6-E1F8D948F142}
		{0EF17827-AE0E-4640-948F-B54E9EC80D14} = {7A720F5E-C5EA-47DC-ABA6-E1F8D948F142}
		{4F716B8A-3E88-4751-AC1E-2F3E06E45F58} = {7A720F5E-C5EA-47DC-ABA6-E1F8D948F142}
		{DE770A69-1F4D-4FCB-BC27-C90AE637242D} = {7A720F5E-C5EA-47DC-ABA6-E1F8D948F142}
		{948215BC-FAAF-498F-A7F9-0C7ED12A4816} = {7A720F5E-C5EA-47DC-ABA6-E1F8D948F142}
		{FE429C64-5293-4845-9E3B-DDAEB2D3384D} = {8182CC70-0E3C-4604-AC15-55A0D7F67F6F}
		{61279938-6D6E-4EC6-954A-A4EE5C1E9BD1} = {201E5646-333D-4D48-B64B-24C32D2FC114}
		{E766963C-8EEF-48B4-A907-BD37972B847F} = {201E5646-333D-4D48-B64B-24C32D2FC114}
		{21579464-A7A6-48AF-A22F-2BECA0C11159} = {67B25387-27D3-46FD-A936-738B061D919A}
		{C76BB204-C847-475B-AACE-07EE5704BADE} = {201E5646-333D-4D48-B64B-24C32D2FC114}
		{0756E1CD-53A1-41DE-AA61-4969D96EF1CC} = {201E5646-333D-4D48-B64B-24C32D2FC114}
		{345C92EF-6C07-4F12-9F7F-D57388FBE872} = {201E5646-333D-4D48-B64B-24C32D2FC114}
	EndGlobalSection
	GlobalSection(ExtensibilityGlobals) = postSolution
		SolutionGuid = {FA3CA425-9926-4D89-B0FC-2101B267AD14}
	EndGlobalSection
EndGlobal
